# This file is automatically @generated by Cargo.
# It is not intended for manual editing.
version = 3

[[package]]
name = "aper"
version = "0.1.5"
dependencies = [
 "aper_derive",
 "fractional_index",
 "serde",
 "uuid",
]

[[package]]
name = "aper-stateroom"
version = "0.1.5"
dependencies = [
 "aper",
 "bincode",
 "chrono",
 "log",
 "serde",
 "serde_json",
 "stateroom",
]

[[package]]
name = "aper-yew"
version = "0.1.4"
dependencies = [
 "aper",
 "aper-stateroom",
 "bincode",
 "chrono",
 "console_error_panic_hook",
 "gloo-timers",
 "js-sys",
 "serde",
 "serde_json",
 "wasm-bindgen",
 "web-sys",
 "yew",
]

[[package]]
name = "aper_derive"
version = "0.1.4"
dependencies = [
 "inflections",
 "proc-macro2",
 "quote",
 "syn",
]

[[package]]
name = "autocfg"
version = "1.0.1"
source = "registry+https://github.com/rust-lang/crates.io-index"
checksum = "cdb031dd78e28731d87d56cc8ffef4a8f36ca26c38fe2de700543e627f8a464a"

[[package]]
name = "bincode"
version = "1.3.3"
source = "registry+https://github.com/rust-lang/crates.io-index"
checksum = "b1f45e9417d87227c7a56d22e471c6206462cba514c7590c09aff4cf6d1ddcad"
dependencies = [
 "serde",
]

[[package]]
name = "boolinator"
version = "2.4.0"
source = "registry+https://github.com/rust-lang/crates.io-index"
checksum = "cfa8873f51c92e232f9bac4065cddef41b714152812bfc5f7672ba16d6ef8cd9"

[[package]]
name = "bumpalo"
version = "3.8.0"
source = "registry+https://github.com/rust-lang/crates.io-index"
checksum = "8f1e260c3a9040a7c19a12468758f4c16f31a81a1fe087482be9570ec864bb6c"

[[package]]
name = "cfg-if"
version = "1.0.0"
source = "registry+https://github.com/rust-lang/crates.io-index"
checksum = "baf1de4339761588bc0619e3cbc0120ee582ebb74b53b4efbf79117bd2da40fd"

[[package]]
name = "chrono"
version = "0.4.20"
source = "registry+https://github.com/rust-lang/crates.io-index"
checksum = "6127248204b9aba09a362f6c930ef6a78f2c1b2215f8a7b398c06e1083f17af0"
dependencies = [
 "js-sys",
 "num-integer",
 "num-traits",
 "serde",
 "time",
 "wasm-bindgen",
 "winapi",
]

[[package]]
name = "console_error_panic_hook"
version = "0.1.7"
source = "registry+https://github.com/rust-lang/crates.io-index"
checksum = "a06aeb73f470f66dcdbf7223caeebb85984942f22f1adb2a088cf9668146bbbc"
dependencies = [
 "cfg-if",
 "wasm-bindgen",
]

[[package]]
name = "drop-four-client"
version = "0.1.0"
dependencies = [
 "aper",
 "aper-stateroom",
 "aper-yew",
 "drop-four-common",
 "serde",
 "stateroom-wasm",
 "wasm-bindgen",
 "yew",
]

[[package]]
name = "drop-four-common"
version = "0.1.0"
dependencies = [
 "aper",
 "aper-stateroom",
 "chrono",
 "serde",
]

[[package]]
name = "drop-four-service"
version = "0.1.0"
dependencies = [
 "aper-stateroom",
 "drop-four-common",
 "stateroom-wasm",
]

[[package]]
name = "fractional_index"
version = "1.0.0"
source = "registry+https://github.com/rust-lang/crates.io-index"
checksum = "7d6525f3d083ba0c13f146987341dbd0dbf1f7ccc9ea54488f777c3e833a9aea"
dependencies = [
 "serde",
]

[[package]]
name = "getrandom"
version = "0.2.3"
source = "registry+https://github.com/rust-lang/crates.io-index"
checksum = "7fcd999463524c52659517fe2cea98493cfe485d10565e7b0fb07dbba7ad2753"
dependencies = [
 "cfg-if",
 "js-sys",
 "libc",
 "wasi",
 "wasm-bindgen",
]

[[package]]
name = "gloo"
version = "0.4.2"
source = "registry+https://github.com/rust-lang/crates.io-index"
checksum = "23947965eee55e3e97a5cd142dd4c10631cc349b48cecca0ed230fd296f568cd"
dependencies = [
 "gloo-console",
 "gloo-dialogs",
 "gloo-events",
 "gloo-file",
 "gloo-render",
 "gloo-storage",
 "gloo-timers",
 "gloo-utils",
]

[[package]]
name = "gloo-console"
version = "0.2.1"
source = "registry+https://github.com/rust-lang/crates.io-index"
checksum = "3907f786f65bbb4f419e918b0c5674175ef1c231ecda93b2dbd65fd1e8882637"
dependencies = [
 "js-sys",
 "serde",
 "wasm-bindgen",
 "web-sys",
]

[[package]]
name = "gloo-dialogs"
version = "0.1.0"
source = "registry+https://github.com/rust-lang/crates.io-index"
checksum = "4ffb557a2ea2ed283f1334423d303a336fad55fb8572d51ae488f828b1464b40"
dependencies = [
 "wasm-bindgen",
 "web-sys",
]

[[package]]
name = "gloo-events"
version = "0.1.1"
source = "registry+https://github.com/rust-lang/crates.io-index"
checksum = "088514ec8ef284891c762c88a66b639b3a730134714692ee31829765c5bc814f"
dependencies = [
 "wasm-bindgen",
 "web-sys",
]

[[package]]
name = "gloo-file"
version = "0.2.0"
source = "registry+https://github.com/rust-lang/crates.io-index"
checksum = "d31ba1f51868ae10a0b665c6dccd5ed967486e7c17055d1c889596ee983be493"
dependencies = [
 "gloo-events",
 "js-sys",
 "wasm-bindgen",
 "web-sys",
]

[[package]]
name = "gloo-render"
version = "0.1.0"
source = "registry+https://github.com/rust-lang/crates.io-index"
checksum = "5b4cda6e149df3bb4a3c6a343873903e5bcc2448a9877d61bb8274806ad67f6e"
dependencies = [
 "wasm-bindgen",
 "web-sys",
]

[[package]]
name = "gloo-storage"
version = "0.2.0"
source = "registry+https://github.com/rust-lang/crates.io-index"
checksum = "1b5057761927af1b1929d02b1f49cf83553dd347a473ee7c8bb08420f2673ffc"
dependencies = [
 "gloo-utils",
 "js-sys",
 "serde",
 "serde_json",
 "thiserror",
 "wasm-bindgen",
 "web-sys",
]

[[package]]
name = "gloo-timers"
version = "0.2.4"
source = "registry+https://github.com/rust-lang/crates.io-index"
checksum = "5fb7d06c1c8cc2a29bee7ec961009a0b2caa0793ee4900c2ffb348734ba1c8f9"
dependencies = [
 "js-sys",
 "wasm-bindgen",
]

[[package]]
name = "gloo-utils"
version = "0.1.1"
source = "registry+https://github.com/rust-lang/crates.io-index"
checksum = "3d77d28d9a6f7c384d9e40293fa11f05558bf928a993208e12528ee6633cb415"
dependencies = [
 "js-sys",
 "wasm-bindgen",
 "web-sys",
]

[[package]]
name = "hashbrown"
version = "0.11.2"
source = "registry+https://github.com/rust-lang/crates.io-index"
checksum = "ab5ef0d4909ef3724cc8cce6ccc8572c5c817592e9285f5464f8e86f8bd3726e"

[[package]]
name = "indexmap"
version = "1.7.0"
source = "registry+https://github.com/rust-lang/crates.io-index"
checksum = "bc633605454125dec4b66843673f01c7df2b89479b32e0ed634e43a91cff62a5"
dependencies = [
 "autocfg",
 "hashbrown",
]

[[package]]
name = "inflections"
version = "1.1.1"
source = "registry+https://github.com/rust-lang/crates.io-index"
checksum = "a257582fdcde896fd96463bf2d40eefea0580021c0712a0e2b028b60b47a837a"

[[package]]
name = "itoa"
version = "1.0.1"
source = "registry+https://github.com/rust-lang/crates.io-index"
checksum = "1aab8fc367588b89dcee83ab0fd66b72b50b72fa1904d7095045ace2b0c81c35"

[[package]]
name = "js-sys"
version = "0.3.59"
source = "registry+https://github.com/rust-lang/crates.io-index"
checksum = "258451ab10b34f8af53416d1fdab72c22e805f0c92a1136d59470ec0b11138b2"
dependencies = [
 "wasm-bindgen",
]

[[package]]
name = "lazy_static"
version = "1.4.0"
source = "registry+https://github.com/rust-lang/crates.io-index"
checksum = "e2abad23fbc42b3700f2f279844dc832adb2b2eb069b2df918f455c4e18cc646"

[[package]]
name = "libc"
version = "0.2.107"
source = "registry+https://github.com/rust-lang/crates.io-index"
checksum = "fbe5e23404da5b4f555ef85ebed98fb4083e55a00c317800bc2a50ede9f3d219"

[[package]]
name = "log"
version = "0.4.17"
source = "registry+https://github.com/rust-lang/crates.io-index"
checksum = "abb12e687cfb44aa40f41fc3978ef76448f9b6038cad6aef4259d3c095a2382e"
dependencies = [
 "cfg-if",
]

[[package]]
name = "num-integer"
version = "0.1.44"
source = "registry+https://github.com/rust-lang/crates.io-index"
checksum = "d2cc698a63b549a70bc047073d2949cce27cd1c7b0a4a862d08a8031bc2801db"
dependencies = [
 "autocfg",
 "num-traits",
]

[[package]]
name = "num-traits"
version = "0.2.14"
source = "registry+https://github.com/rust-lang/crates.io-index"
checksum = "9a64b1ec5cda2586e284722486d802acf1f7dbdc623e2bfc57e65ca1cd099290"
dependencies = [
 "autocfg",
]

[[package]]
name = "once_cell"
version = "1.13.0"
source = "registry+https://github.com/rust-lang/crates.io-index"
checksum = "18a6dbe30758c9f83eb00cbea4ac95966305f5a7772f3f42ebfc7fc7eddbd8e1"

[[package]]
name = "proc-macro-error"
version = "1.0.4"
source = "registry+https://github.com/rust-lang/crates.io-index"
checksum = "da25490ff9892aab3fcf7c36f08cfb902dd3e71ca0f9f9517bea02a73a5ce38c"
dependencies = [
 "proc-macro-error-attr",
 "proc-macro2",
 "quote",
 "syn",
 "version_check",
]

[[package]]
name = "proc-macro-error-attr"
version = "1.0.4"
source = "registry+https://github.com/rust-lang/crates.io-index"
checksum = "a1be40180e52ecc98ad80b184934baf3d0d29f979574e439af5a55274b35f869"
dependencies = [
 "proc-macro2",
 "quote",
 "version_check",
]

[[package]]
name = "proc-macro2"
version = "1.0.39"
source = "registry+https://github.com/rust-lang/crates.io-index"
checksum = "c54b25569025b7fc9651de43004ae593a75ad88543b17178aa5e1b9c4f15f56f"
dependencies = [
 "unicode-ident",
]

[[package]]
name = "quote"
version = "1.0.18"
source = "registry+https://github.com/rust-lang/crates.io-index"
checksum = "a1feb54ed693b93a84e14094943b84b7c4eae204c512b7ccb95ab0c66d278ad1"
dependencies = [
 "proc-macro2",
]

[[package]]
name = "ryu"
version = "1.0.5"
source = "registry+https://github.com/rust-lang/crates.io-index"
checksum = "71d301d4193d031abdd79ff7e3dd721168a9572ef3fe51a1517aba235bd8f86e"

[[package]]
name = "scoped-tls-hkt"
version = "0.1.2"
source = "registry+https://github.com/rust-lang/crates.io-index"
checksum = "c2e9d7eaddb227e8fbaaa71136ae0e1e913ca159b86c7da82f3e8f0044ad3a63"

[[package]]
name = "serde"
version = "1.0.142"
source = "registry+https://github.com/rust-lang/crates.io-index"
checksum = "e590c437916fb6b221e1d00df6e3294f3fccd70ca7e92541c475d6ed6ef5fee2"
dependencies = [
 "serde_derive",
]

[[package]]
name = "serde_derive"
version = "1.0.142"
source = "registry+https://github.com/rust-lang/crates.io-index"
checksum = "34b5b8d809babe02f538c2cfec6f2c1ed10804c0e5a6a041a049a4f5588ccc2e"
dependencies = [
 "proc-macro2",
 "quote",
 "syn",
]

[[package]]
name = "serde_json"
version = "1.0.75"
source = "registry+https://github.com/rust-lang/crates.io-index"
checksum = "c059c05b48c5c0067d4b4b2b4f0732dd65feb52daf7e0ea09cd87e7dadc1af79"
dependencies = [
 "itoa",
 "ryu",
 "serde",
]

[[package]]
name = "slab"
version = "0.4.5"
source = "registry+https://github.com/rust-lang/crates.io-index"
checksum = "9def91fd1e018fe007022791f865d0ccc9b3a0d5001e01aabb8b40e46000afb5"

[[package]]
name = "stateroom"
version = "0.2.2"
source = "registry+https://github.com/rust-lang/crates.io-index"
checksum = "9d8b86543e54cd479e6f4c7a9ea791c7f44fca80281bafe066ac6a4c32e3b222"
dependencies = [
 "serde",
]

[[package]]
name = "stateroom-wasm"
version = "0.2.2"
source = "registry+https://github.com/rust-lang/crates.io-index"
checksum = "7dfe43305d235cb1415598e3f561b7ccec500be27efba5cad43e72ebfc8c3ca1"
dependencies = [
 "stateroom",
 "stateroom-wasm-macro",
]

[[package]]
name = "stateroom-wasm-macro"
version = "0.2.0"
source = "registry+https://github.com/rust-lang/crates.io-index"
checksum = "bed20b7f68fa32311db10467a507e836118262b6206493b1c6eb57e7f6a4bc3b"
dependencies = [
 "proc-macro2",
 "quote",
 "syn",
]

[[package]]
name = "syn"
version = "1.0.95"
source = "registry+https://github.com/rust-lang/crates.io-index"
checksum = "fbaf6116ab8924f39d52792136fb74fd60a80194cf1b1c6ffa6453eef1c3f942"
dependencies = [
 "proc-macro2",
 "quote",
 "unicode-ident",
]

[[package]]
name = "thiserror"
version = "1.0.30"
source = "registry+https://github.com/rust-lang/crates.io-index"
checksum = "854babe52e4df1653706b98fcfc05843010039b406875930a70e4d9644e5c417"
dependencies = [
 "thiserror-impl",
]

[[package]]
name = "thiserror-impl"
version = "1.0.30"
source = "registry+https://github.com/rust-lang/crates.io-index"
checksum = "aa32fd3f627f367fe16f893e2597ae3c05020f8bba2666a4e6ea73d377e5714b"
dependencies = [
 "proc-macro2",
 "quote",
 "syn",
]

[[package]]
name = "time"
version = "0.1.44"
source = "registry+https://github.com/rust-lang/crates.io-index"
checksum = "6db9e6914ab8b1ae1c260a4ae7a49b6c5611b40328a735b21862567685e73255"
dependencies = [
 "libc",
 "wasi",
 "winapi",
]

[[package]]
name = "unicode-ident"
version = "1.0.0"
source = "registry+https://github.com/rust-lang/crates.io-index"
checksum = "d22af068fba1eb5edcb4aea19d382b2a3deb4c8f9d475c589b6ada9e0fd493ee"

[[package]]
name = "uuid"
version = "1.1.2"
source = "registry+https://github.com/rust-lang/crates.io-index"
checksum = "dd6469f4314d5f1ffec476e05f17cc9a78bc7a27a6a857842170bdf8d6f98d2f"
dependencies = [
 "getrandom",
 "serde",
]

[[package]]
name = "version_check"
version = "0.9.4"
source = "registry+https://github.com/rust-lang/crates.io-index"
checksum = "49874b5167b65d7193b8aba1567f5c7d93d001cafc34600cee003eda787e483f"

[[package]]
name = "wasi"
version = "0.10.0+wasi-snapshot-preview1"
source = "registry+https://github.com/rust-lang/crates.io-index"
checksum = "1a143597ca7c7793eff794def352d41792a93c481eb1042423ff7ff72ba2c31f"

[[package]]
name = "wasm-bindgen"
version = "0.2.82"
source = "registry+https://github.com/rust-lang/crates.io-index"
checksum = "fc7652e3f6c4706c8d9cd54832c4a4ccb9b5336e2c3bd154d5cccfbf1c1f5f7d"
dependencies = [
 "cfg-if",
 "serde",
 "serde_json",
 "wasm-bindgen-macro",
]

[[package]]
name = "wasm-bindgen-backend"
version = "0.2.82"
source = "registry+https://github.com/rust-lang/crates.io-index"
checksum = "662cd44805586bd52971b9586b1df85cdbbd9112e4ef4d8f41559c334dc6ac3f"
dependencies = [
 "bumpalo",
 "log",
 "once_cell",
 "proc-macro2",
 "quote",
 "syn",
 "wasm-bindgen-shared",
]

[[package]]
name = "wasm-bindgen-futures"
version = "0.4.28"
source = "registry+https://github.com/rust-lang/crates.io-index"
checksum = "8e8d7523cb1f2a4c96c1317ca690031b714a51cc14e05f712446691f413f5d39"
dependencies = [
 "cfg-if",
 "js-sys",
 "wasm-bindgen",
 "web-sys",
]

[[package]]
name = "wasm-bindgen-macro"
version = "0.2.82"
source = "registry+https://github.com/rust-lang/crates.io-index"
checksum = "b260f13d3012071dfb1512849c033b1925038373aea48ced3012c09df952c602"
dependencies = [
 "quote",
 "wasm-bindgen-macro-support",
]

[[package]]
name = "wasm-bindgen-macro-support"
version = "0.2.82"
source = "registry+https://github.com/rust-lang/crates.io-index"
checksum = "5be8e654bdd9b79216c2929ab90721aa82faf65c48cdf08bdc4e7f51357b80da"
dependencies = [
 "proc-macro2",
 "quote",
 "syn",
 "wasm-bindgen-backend",
 "wasm-bindgen-shared",
]

[[package]]
name = "wasm-bindgen-shared"
version = "0.2.82"
source = "registry+https://github.com/rust-lang/crates.io-index"
checksum = "6598dd0bd3c7d51095ff6531a5b23e02acdc81804e30d8f07afb77b7215a140a"

[[package]]
name = "web-sys"
version = "0.3.59"
source = "registry+https://github.com/rust-lang/crates.io-index"
checksum = "ed055ab27f941423197eb86b2035720b1a3ce40504df082cac2ecc6ed73335a1"
dependencies = [
 "js-sys",
 "wasm-bindgen",
]

[[package]]
name = "winapi"
version = "0.3.9"
source = "registry+https://github.com/rust-lang/crates.io-index"
checksum = "5c839a674fcd7a98952e593242ea400abe93992746761e38641405d28b00f419"
dependencies = [
 "winapi-i686-pc-windows-gnu",
 "winapi-x86_64-pc-windows-gnu",
]

[[package]]
name = "winapi-i686-pc-windows-gnu"
version = "0.4.0"
source = "registry+https://github.com/rust-lang/crates.io-index"
checksum = "ac3b87c63620426dd9b991e5ce0329eff545bccbbb34f3be09ff6fb6ab51b7b6"

[[package]]
name = "winapi-x86_64-pc-windows-gnu"
version = "0.4.0"
source = "registry+https://github.com/rust-lang/crates.io-index"
checksum = "712e227841d057c1ee1cd2fb22fa7e5a5461ae8e48fa2ca79ec42cfc1931183f"

[[package]]
name = "yew"
version = "0.19.3"
source = "registry+https://github.com/rust-lang/crates.io-index"
checksum = "2a1ccb53e57d3f7d847338cf5758befa811cabe207df07f543c06f502f9998cd"
dependencies = [
 "console_error_panic_hook",
 "gloo",
 "gloo-utils",
 "indexmap",
 "js-sys",
 "scoped-tls-hkt",
 "slab",
 "wasm-bindgen",
 "wasm-bindgen-futures",
 "web-sys",
 "yew-macro",
]

[[package]]
name = "yew-macro"
version = "0.19.3"
source = "registry+https://github.com/rust-lang/crates.io-index"
checksum = "5fab79082b556d768d6e21811869c761893f0450e1d550a67892b9bce303b7bb"
dependencies = [
 "boolinator",
 "lazy_static",
 "proc-macro-error",
 "proc-macro2",
 "quote",
 "syn",
]
